Microsoft Visual Studio Solution File, Format Version 12.00
# Visual Studio 15
VisualStudioVersion = 15.0.28307.168
MinimumVisualStudioVersion = 10.0.40219.1
Project("{FAE04EC0-301F-11D3-BF4B-00C04F79EFBC}") = "ADTree", "ADTree.csproj", "{EAE4E722-5F97-4454-A40C-CD2D88F87232}"
EndProject
Project("{FAE04EC0-301F-11D3-BF4B-00C04F79EFBC}") = "ADTree_TestForm", "ADTree_TestForm\ADTree_TestForm.csproj", "{05B62A4A-DF3A-4BC4-B408-96400F3E95C1}"
EndProject
Global
	GlobalSection(SolutionConfigurationPlatforms) = preSolution
		Debug|Any CPU = Debug|Any CPU
		Release|Any CPU = Release|Any CPU
	EndGlobalSection
	GlobalSection(ProjectConfigurationPlatforms) = postSolution
		{EAE4E722-5F97-4454-A40C-CD2D88F87232}.Debug|Any CPU.ActiveCfg = Debug|Any CPU
		{EAE4E722-5F97-4454-A40C-CD2D88F87232}.Debug|Any CPU.Build.0 = Debug|Any CPU
		{EAE4E722-5F97-4454-A40C-CD2D88F87232}.Release|Any CPU.ActiveCfg = Release|Any CPU
		{EAE4E722-5F97-4454-A40C-CD2D88F87232}.Release|Any CPU.Build.0 = Release|Any CPU
		{05B62A4A-DF3A-4BC4-B408-96400F3E95C1}.Debug|Any CPU.ActiveCfg = Debug|Any CPU
		{05B62A4A-DF3A-4BC4-B408-96400F3E95C1}.Debug|Any CPU.Build.0 = Debug|Any CPU
		{05B62A4A-DF3A-4BC4-B408-96400F3E95C1}.Release|Any CPU.ActiveCfg = Release|Any CPU
		{05B62A4A-DF3A-4BC4-B408-96400F3E95C1}.Release|Any CPU.Build.0 = Release|Any CPU
	EndGlobalSection
	GlobalSection(SolutionProperties) = preSolution
		HideSolutionNode = FALSE
	EndGlobalSection
	GlobalSection(ExtensibilityGlobals) = postSolution
		SolutionGuid = {8AC50C42-98D6-4ECC-8313-9A0185A8E6A9}
	EndGlobalSection
EndGlobal
